{
  "name": "nextjs-aptopedia",
  "version": "0.0.0",
  "lockfileVersion": 3,
  "requires": true,
  "packages": {
    "": {
      "name": "nextjs-aptopedia",
      "version": "0.0.0",
      "hasInstallScript": true,
      "devDependencies": {
        "@aptos-labs/aptos-cli": "latest"
      }
    },
    "node_modules/@aptos-labs/aptos-cli": {
      "version": "0.0.11",
      "resolved": "https://registry.npmjs.org/@aptos-labs/aptos-cli/-/aptos-cli-0.0.11.tgz",
      "integrity": "sha512-fCLjjOZZzVDZeUYLqWqvbO7AnPzSh84ql6SnF2inm6BzCredGYuYK8MPK+haPel7xq8Et85JVTzuUP4k3NM1Lw==",
      "dev": true,
      "bin": {
        "aptos": "bin/aptos"
      }
    }
  }
}
